{
  "name": "xcoco-gen-js",
  "version": "1.0.0",
  "lockfileVersion": 3,
  "requires": true,
  "packages": {
    "": {
      "name": "xcoco-gen-js",
      "version": "1.0.0",
      "license": "ISC",
      "dependencies": {
        "playwright": "^1.44.0",
        "playwright-extra": "^4.3.6"
      },
      "devDependencies": {
        "@playwright/test": "^1.44.0"
      }
    },
    "node_modules/@playwright/test": {
      "version": "1.44.0",
      "resolved": "https://registry.npmjs.org/@playwright/test/-/test-1.44.0.tgz",
      "integrity": "sha512-rNX5lbNidamSUorBhB4XZ9SQTjAqfe5M+p37Z8ic0jPFBMo5iCtQz1kRWkEMg+rYOKSlVycpQmpqjSFq7LXOfg==",
      "dev": true,
      "dependencies": {
        "playwright": "1.44.0"
      },
      "bin": {
        "playwright": "cli.js"
      },
      "engines": {
        "node": ">=16"
      }
    },
    "node_modules/debug": {
      "version": "4.3.4",
      "resolved": "https://registry.npmjs.org/debug/-/debug-4.3.4.tgz",
      "integrity": "sha512-PRWFHuSU3eDtQJPvnNY7Jcket1j0t5OuOsFzPPzsekD52Zl8qUfFIPEiswXqIvHWGVHOgX+7G/vCNNhehwxfkQ==",
      "dependencies": {
        "ms": "2.1.2"
      },
      "engines": {
        "node": ">=6.0"
      },
      "peerDependenciesMeta": {
        "supports-color": {
          "optional": true
        }
      }
    },
    "node_modules/fsevents": {
      "version": "2.3.2",
      "resolved": "https://registry.npmjs.org/fsevents/-/fsevents-2.3.2.tgz",
      "integrity": "sha512-xiqMQR4xAeHTuB9uWm+fFRcIOgKBMiOBP+eXiyT7jsgVCq1bkVygt00oASowB7EdtpOHaaPgKt812P9ab+DDKA==",
      "hasInstallScript": true,
      "optional": true,
      "os": [
        "darwin"
      ],
      "engines": {
        "node": "^8.16.0 || ^10.6.0 || >=11.0.0"
      }
    },
    "node_modules/ms": {
      "version": "2.1.2",
      "resolved": "https://registry.npmjs.org/ms/-/ms-2.1.2.tgz",
      "integrity": "sha512-sGkPx+VjMtmA6MX27oA4FBFELFCZZ4S4XqeGOXCv68tT+jb3vk/RyaKWP0PTKyWtmLSM0b+adUTEvbs1PEaH2w=="
    },
    "node_modules/playwright": {
      "version": "1.44.0",
      "resolved": "https://registry.npmjs.org/playwright/-/playwright-1.44.0.tgz",
      "integrity": "sha512-F9b3GUCLQ3Nffrfb6dunPOkE5Mh68tR7zN32L4jCk4FjQamgesGay7/dAAe1WaMEGV04DkdJfcJzjoCKygUaRQ==",
      "dependencies": {
        "playwright-core": "1.44.0"
      },
      "bin": {
        "playwright": "cli.js"
      },
      "engines": {
        "node": ">=16"
      },
      "optionalDependencies": {
        "fsevents": "2.3.2"
      }
    },
    "node_modules/playwright-core": {
      "version": "1.44.0",
      "resolved": "https://registry.npmjs.org/playwright-core/-/playwright-core-1.44.0.tgz",
      "integrity": "sha512-ZTbkNpFfYcGWohvTTl+xewITm7EOuqIqex0c7dNZ+aXsbrLj0qI8XlGKfPpipjm0Wny/4Lt4CJsWJk1stVS5qQ==",
      "bin": {
        "playwright-core": "cli.js"
      },
      "engines": {
        "node": ">=16"
      }
    },
    "node_modules/playwright-extra": {
      "version": "4.3.6",
      "resolved": "https://registry.npmjs.org/playwright-extra/-/playwright-extra-4.3.6.tgz",
      "integrity": "sha512-q2rVtcE8V8K3vPVF1zny4pvwZveHLH8KBuVU2MoE3Jw4OKVoBWsHI9CH9zPydovHHOCDxjGN2Vg+2m644q3ijA==",
      "dependencies": {
        "debug": "^4.3.4"
      },
      "engines": {
        "node": ">=12"
      },
      "peerDependencies": {
        "playwright": "*",
        "playwright-core": "*"
      },
      "peerDependenciesMeta": {
        "playwright": {
          "optional": true
        },
        "playwright-core": {
          "optional": true
        }
      }
    }
  }
}
